
Microsoft Visual Studio Solution File, Format Version 12.00
# Visual Studio Version 17
VisualStudioVersion = 17.0.31903.59
MinimumVisualStudioVersion = 10.0.40219.1
Project("{2150E333-8FDC-42A3-9474-1A3956D46DE8}") = "src", "src", "{3CBD1C01-2EE7-4F9B-A48C-CA4C08F28C04}"
EndProject
Project("{2150E333-8FDC-42A3-9474-1A3956D46DE8}") = "apps", "apps", "{DC3151C6-6724-4376-A178-3AA1823085A0}"
EndProject
Project("{2150E333-8FDC-42A3-9474-1A3956D46DE8}") = "test", "test", "{1E42234A-3319-4719-A8C1-F066A1DBA783}"
EndProject
Project("{2150E333-8FDC-42A3-9474-1A3956D46DE8}") = "blog", "blog", "{F1233375-95C4-472B-8B2B-D78BA182D1F1}"
EndProject
Project("{FAE04EC0-301F-11D3-BF4B-00C04F79EFBC}") = "Sodab.Blog.WebApi", "apps\blog\Sodab.Blog.WebApi\Sodab.Blog.WebApi.csproj", "{76494B94-1585-418D-864F-1AC67ABCE40D}"
EndProject
Project("{FAE04EC0-301F-11D3-BF4B-00C04F79EFBC}") = "Sodab.Common", "src\Sodab.Common\Sodab.Common.csproj", "{B8F2ED24-219A-4C95-B18A-17FE60F9E149}"
EndProject
Project("{FAE04EC0-301F-11D3-BF4B-00C04F79EFBC}") = "Sodab.Framework", "src\Sodab.Framework\Sodab.Framework.csproj", "{8FFAAC09-D57B-4A24-B3A7-E0F202594701}"
EndProject
Project("{FAE04EC0-301F-11D3-BF4B-00C04F79EFBC}") = "Sodab.Blog.Domain", "apps\blog\Sodab.Blog.Domain\Sodab.Blog.Domain.csproj", "{4C5B584F-7511-42D4-B67A-82A89F922D28}"
EndProject
Project("{FAE04EC0-301F-11D3-BF4B-00C04F79EFBC}") = "Sodab.Blog.Shared", "apps\blog\Sodab.Blog.Shared\Sodab.Blog.Shared.csproj", "{684F292D-9A78-4E52-B281-65EED8B6320A}"
EndProject
Project("{FAE04EC0-301F-11D3-BF4B-00C04F79EFBC}") = "Sodab.Abstracts", "src\Sodab.Abstracts\Sodab.Abstracts.csproj", "{AD33147F-55F7-494C-87D1-B3C96AEF46D6}"
EndProject
Project("{FAE04EC0-301F-11D3-BF4B-00C04F79EFBC}") = "Sodab.Domain", "src\Sodab.Domain\Sodab.Domain.csproj", "{0D34CB3C-89CE-41FD-AD93-F1A3AC1C5E08}"
EndProject
Project("{FAE04EC0-301F-11D3-BF4B-00C04F79EFBC}") = "Sodab.Shared", "src\Sodab.Shared\Sodab.Shared.csproj", "{46174539-DA2A-402D-B7A3-9AE3C7EE9725}"
EndProject
Project("{FAE04EC0-301F-11D3-BF4B-00C04F79EFBC}") = "Sodab.Attributes", "src\Sodab.Attributes\Sodab.Attributes.csproj", "{07322559-0576-4C56-8847-7B4D82D7FCFC}"
EndProject
Project("{FAE04EC0-301F-11D3-BF4B-00C04F79EFBC}") = "Sodab.Blog.Wasm", "apps\blog\Sodab.Blog.Wasm\Sodab.Blog.Wasm.csproj", "{632DAD12-1600-4038-9103-8C6909088423}"
EndProject
Project("{FAE04EC0-301F-11D3-BF4B-00C04F79EFBC}") = "Sodab.Blog.Component", "apps\blog\Sodab.Blog.Component\Sodab.Blog.Component.csproj", "{E3B4F2DB-BF67-47DF-A10B-FAA532375688}"
EndProject
Global
	GlobalSection(SolutionConfigurationPlatforms) = preSolution
		Debug|Any CPU = Debug|Any CPU
		Release|Any CPU = Release|Any CPU
	EndGlobalSection
	GlobalSection(ProjectConfigurationPlatforms) = postSolution
		{76494B94-1585-418D-864F-1AC67ABCE40D}.Debug|Any CPU.ActiveCfg = Debug|Any CPU
		{76494B94-1585-418D-864F-1AC67ABCE40D}.Debug|Any CPU.Build.0 = Debug|Any CPU
		{76494B94-1585-418D-864F-1AC67ABCE40D}.Release|Any CPU.ActiveCfg = Release|Any CPU
		{76494B94-1585-418D-864F-1AC67ABCE40D}.Release|Any CPU.Build.0 = Release|Any CPU
		{B8F2ED24-219A-4C95-B18A-17FE60F9E149}.Debug|Any CPU.ActiveCfg = Debug|Any CPU
		{B8F2ED24-219A-4C95-B18A-17FE60F9E149}.Debug|Any CPU.Build.0 = Debug|Any CPU
		{B8F2ED24-219A-4C95-B18A-17FE60F9E149}.Release|Any CPU.ActiveCfg = Release|Any CPU
		{B8F2ED24-219A-4C95-B18A-17FE60F9E149}.Release|Any CPU.Build.0 = Release|Any CPU
		{8FFAAC09-D57B-4A24-B3A7-E0F202594701}.Debug|Any CPU.ActiveCfg = Debug|Any CPU
		{8FFAAC09-D57B-4A24-B3A7-E0F202594701}.Debug|Any CPU.Build.0 = Debug|Any CPU
		{8FFAAC09-D57B-4A24-B3A7-E0F202594701}.Release|Any CPU.ActiveCfg = Release|Any CPU
		{8FFAAC09-D57B-4A24-B3A7-E0F202594701}.Release|Any CPU.Build.0 = Release|Any CPU
		{4C5B584F-7511-42D4-B67A-82A89F922D28}.Debug|Any CPU.ActiveCfg = Debug|Any CPU
		{4C5B584F-7511-42D4-B67A-82A89F922D28}.Debug|Any CPU.Build.0 = Debug|Any CPU
		{4C5B584F-7511-42D4-B67A-82A89F922D28}.Release|Any CPU.ActiveCfg = Release|Any CPU
		{4C5B584F-7511-42D4-B67A-82A89F922D28}.Release|Any CPU.Build.0 = Release|Any CPU
		{684F292D-9A78-4E52-B281-65EED8B6320A}.Debug|Any CPU.ActiveCfg = Debug|Any CPU
		{684F292D-9A78-4E52-B281-65EED8B6320A}.Debug|Any CPU.Build.0 = Debug|Any CPU
		{684F292D-9A78-4E52-B281-65EED8B6320A}.Release|Any CPU.ActiveCfg = Release|Any CPU
		{684F292D-9A78-4E52-B281-65EED8B6320A}.Release|Any CPU.Build.0 = Release|Any CPU
		{AD33147F-55F7-494C-87D1-B3C96AEF46D6}.Debug|Any CPU.ActiveCfg = Debug|Any CPU
		{AD33147F-55F7-494C-87D1-B3C96AEF46D6}.Debug|Any CPU.Build.0 = Debug|Any CPU
		{AD33147F-55F7-494C-87D1-B3C96AEF46D6}.Release|Any CPU.ActiveCfg = Release|Any CPU
		{AD33147F-55F7-494C-87D1-B3C96AEF46D6}.Release|Any CPU.Build.0 = Release|Any CPU
		{0D34CB3C-89CE-41FD-AD93-F1A3AC1C5E08}.Debug|Any CPU.ActiveCfg = Debug|Any CPU
		{0D34CB3C-89CE-41FD-AD93-F1A3AC1C5E08}.Debug|Any CPU.Build.0 = Debug|Any CPU
		{0D34CB3C-89CE-41FD-AD93-F1A3AC1C5E08}.Release|Any CPU.ActiveCfg = Release|Any CPU
		{0D34CB3C-89CE-41FD-AD93-F1A3AC1C5E08}.Release|Any CPU.Build.0 = Release|Any CPU
		{46174539-DA2A-402D-B7A3-9AE3C7EE9725}.Debug|Any CPU.ActiveCfg = Debug|Any CPU
		{46174539-DA2A-402D-B7A3-9AE3C7EE9725}.Debug|Any CPU.Build.0 = Debug|Any CPU
		{46174539-DA2A-402D-B7A3-9AE3C7EE9725}.Release|Any CPU.ActiveCfg = Release|Any CPU
		{46174539-DA2A-402D-B7A3-9AE3C7EE9725}.Release|Any CPU.Build.0 = Release|Any CPU
		{07322559-0576-4C56-8847-7B4D82D7FCFC}.Debug|Any CPU.ActiveCfg = Debug|Any CPU
		{07322559-0576-4C56-8847-7B4D82D7FCFC}.Debug|Any CPU.Build.0 = Debug|Any CPU
		{07322559-0576-4C56-8847-7B4D82D7FCFC}.Release|Any CPU.ActiveCfg = Release|Any CPU
		{07322559-0576-4C56-8847-7B4D82D7FCFC}.Release|Any CPU.Build.0 = Release|Any CPU
		{632DAD12-1600-4038-9103-8C6909088423}.Debug|Any CPU.ActiveCfg = Debug|Any CPU
		{632DAD12-1600-4038-9103-8C6909088423}.Debug|Any CPU.Build.0 = Debug|Any CPU
		{632DAD12-1600-4038-9103-8C6909088423}.Release|Any CPU.ActiveCfg = Release|Any CPU
		{632DAD12-1600-4038-9103-8C6909088423}.Release|Any CPU.Build.0 = Release|Any CPU
		{E3B4F2DB-BF67-47DF-A10B-FAA532375688}.Debug|Any CPU.ActiveCfg = Debug|Any CPU
		{E3B4F2DB-BF67-47DF-A10B-FAA532375688}.Debug|Any CPU.Build.0 = Debug|Any CPU
		{E3B4F2DB-BF67-47DF-A10B-FAA532375688}.Release|Any CPU.ActiveCfg = Release|Any CPU
		{E3B4F2DB-BF67-47DF-A10B-FAA532375688}.Release|Any CPU.Build.0 = Release|Any CPU
	EndGlobalSection
	GlobalSection(SolutionProperties) = preSolution
		HideSolutionNode = FALSE
	EndGlobalSection
	GlobalSection(NestedProjects) = preSolution
		{F1233375-95C4-472B-8B2B-D78BA182D1F1} = {DC3151C6-6724-4376-A178-3AA1823085A0}
		{76494B94-1585-418D-864F-1AC67ABCE40D} = {F1233375-95C4-472B-8B2B-D78BA182D1F1}
		{B8F2ED24-219A-4C95-B18A-17FE60F9E149} = {3CBD1C01-2EE7-4F9B-A48C-CA4C08F28C04}
		{8FFAAC09-D57B-4A24-B3A7-E0F202594701} = {3CBD1C01-2EE7-4F9B-A48C-CA4C08F28C04}
		{4C5B584F-7511-42D4-B67A-82A89F922D28} = {F1233375-95C4-472B-8B2B-D78BA182D1F1}
		{684F292D-9A78-4E52-B281-65EED8B6320A} = {F1233375-95C4-472B-8B2B-D78BA182D1F1}
		{AD33147F-55F7-494C-87D1-B3C96AEF46D6} = {3CBD1C01-2EE7-4F9B-A48C-CA4C08F28C04}
		{0D34CB3C-89CE-41FD-AD93-F1A3AC1C5E08} = {3CBD1C01-2EE7-4F9B-A48C-CA4C08F28C04}
		{46174539-DA2A-402D-B7A3-9AE3C7EE9725} = {3CBD1C01-2EE7-4F9B-A48C-CA4C08F28C04}
		{07322559-0576-4C56-8847-7B4D82D7FCFC} = {3CBD1C01-2EE7-4F9B-A48C-CA4C08F28C04}
		{632DAD12-1600-4038-9103-8C6909088423} = {F1233375-95C4-472B-8B2B-D78BA182D1F1}
		{E3B4F2DB-BF67-47DF-A10B-FAA532375688} = {F1233375-95C4-472B-8B2B-D78BA182D1F1}
	EndGlobalSection
	GlobalSection(ExtensibilityGlobals) = postSolution
		SolutionGuid = {3D7D85D8-C520-4D91-A9BA-CE5DF0209C38}
	EndGlobalSection
EndGlobal
